
Microsoft Visual Studio Solution File, Format Version 12.00
# Visual Studio 15
VisualStudioVersion = 15.0.28010.2026
MinimumVisualStudioVersion = 10.0.40219.1
Project("{9A19103F-16F7-4668-BE54-9A1E7A4F7556}") = "XmasDevGiftAssistantDemo", "XmasDevGiftAssistantDemo\XmasDevGiftAssistantDemo.csproj", "{41F0B160-9D43-416C-BAA0-974B6E18F465}"
EndProject
Project("{2150E333-8FDC-42A3-9474-1A3956D46DE8}") = "Samples", "Samples", "{DBBBD332-3C01-41DD-A4E2-6FE9ED5C33E3}"
	ProjectSection(SolutionItems) = preProject
		cards.chat = cards.chat
	EndProjectSection
EndProject
Global
	GlobalSection(SolutionConfigurationPlatforms) = preSolution
		Debug|Any CPU = Debug|Any CPU
		Release|Any CPU = Release|Any CPU
	EndGlobalSection
	GlobalSection(ProjectConfigurationPlatforms) = postSolution
		{41F0B160-9D43-416C-BAA0-974B6E18F465}.Debug|Any CPU.ActiveCfg = Debug|Any CPU
		{41F0B160-9D43-416C-BAA0-974B6E18F465}.Debug|Any CPU.Build.0 = Debug|Any CPU
		{41F0B160-9D43-416C-BAA0-974B6E18F465}.Release|Any CPU.ActiveCfg = Release|Any CPU
		{41F0B160-9D43-416C-BAA0-974B6E18F465}.Release|Any CPU.Build.0 = Release|Any CPU
	EndGlobalSection
	GlobalSection(SolutionProperties) = preSolution
		HideSolutionNode = FALSE
	EndGlobalSection
	GlobalSection(ExtensibilityGlobals) = postSolution
		SolutionGuid = {9063187B-852D-4DCF-BE8D-A107AFA9BF94}
	EndGlobalSection
EndGlobal
